// !$*UTF8*$!
{
	archiveVersion = 1;
	classes = {
	};
	objectVersion = 56;
	objects = {

/* Begin PBXBuildFile section */
		CAADC6982BB6324000621414 /* FirebaseAuth in Frameworks */ = {isa = PBXBuildFile; productRef = CAADC6972BB6324000621414 /* FirebaseAuth */; };
		CAADC69A2BB6324000621414 /* FirebaseFirestore in Frameworks */ = {isa = PBXBuildFile; productRef = CAADC6992BB6324000621414 /* FirebaseFirestore */; };
		CAADC69C2BB6324000621414 /* FirebaseFirestoreSwift in Frameworks */ = {isa = PBXBuildFile; productRef = CAADC69B2BB6324000621414 /* FirebaseFirestoreSwift */; };
		CAADC69E2BB6332D00621414 /* LoginView.swift in Sources */ = {isa = PBXBuildFile; fileRef = CAADC69D2BB6332D00621414 /* LoginView.swift */; };
		CAADC6A02BB633A400621414 /* AuthManager.swift in Sources */ = {isa = PBXBuildFile; fileRef = CAADC69F2BB633A400621414 /* AuthManager.swift */; };
		CAADC6A22BB6373C00621414 /* Message.swift in Sources */ = {isa = PBXBuildFile; fileRef = CAADC6A12BB6373B00621414 /* Message.swift */; };
		CAADC6A42BB6378B00621414 /* MessageManager.swift in Sources */ = {isa = PBXBuildFile; fileRef = CAADC6A32BB6378B00621414 /* MessageManager.swift */; };
		CAADC6A62BB637A200621414 /* ChatView.swift in Sources */ = {isa = PBXBuildFile; fileRef = CAADC6A52BB637A200621414 /* ChatView.swift */; };
		CAFD43D92BB62FB200D0B49B /* FireChatApp.swift in Sources */ = {isa = PBXBuildFile; fileRef = CAFD43D82BB62FB200D0B49B /* FireChatApp.swift */; };
		CAFD43DD2BB62FB300D0B49B /* Assets.xcassets in Resources */ = {isa = PBXBuildFile; fileRef = CAFD43DC2BB62FB300D0B49B /* Assets.xcassets */; };
		CAFD43E12BB62FB300D0B49B /* Preview Assets.xcassets in Resources */ = {isa = PBXBuildFile; fileRef = CAFD43E02BB62FB300D0B49B /* Preview Assets.xcassets */; };
		CAFD43EB2BB62FB300D0B49B /* firechatTests.swift in Sources */ = {isa = PBXBuildFile; fileRef = CAFD43EA2BB62FB300D0B49B /* firechatTests.swift */; };
		CAFD43F52BB62FB300D0B49B /* firechatUITests.swift in Sources */ = {isa = PBXBuildFile; fileRef = CAFD43F42BB62FB300D0B49B /* firechatUITests.swift */; };
		CAFD43F72BB62FB300D0B49B /* firechatUITestsLaunchTests.swift in Sources */ = {isa = PBXBuildFile; fileRef = CAFD43F62BB62FB300D0B49B /* firechatUITestsLaunchTests.swift */; };
		CAFD44042BB630BA00D0B49B /* GoogleService-Info.plist in Resources */ = {isa = PBXBuildFile; fileRef = CAFD44032BB630BA00D0B49B /* GoogleService-Info.plist */; };
/* End PBXBuildFile section */

/* Begin PBXContainerItemProxy section */
		CAFD43E72BB62FB300D0B49B /* PBXContainerItemProxy */ = {
			isa = PBXContainerItemProxy;
			containerPortal = CAFD43CD2BB62FB200D0B49B /* Project object */;
			proxyType = 1;
			remoteGlobalIDString = CAFD43D42BB62FB200D0B49B;
			remoteInfo = firechat;
		};
		CAFD43F12BB62FB300D0B49B /* PBXContainerItemProxy */ = {
			isa = PBXContainerItemProxy;
			containerPortal = CAFD43CD2BB62FB200D0B49B /* Project object */;
			proxyType = 1;
			remoteGlobalIDString = CAFD43D42BB62FB200D0B49B;
			remoteInfo = firechat;
		};
/* End PBXContainerItemProxy section */

/* Begin PBXFileReference section */
		CAADC69D2BB6332D00621414 /* LoginView.swift */ = {isa = PBXFileReference; lastKnownFileType = sourcecode.swift; path = LoginView.swift; sourceTree = "<group>"; };
		CAADC69F2BB633A400621414 /* AuthManager.swift */ = {isa = PBXFileReference; lastKnownFileType = sourcecode.swift; path = AuthManager.swift; sourceTree = "<group>"; };
		CAADC6A12BB6373B00621414 /* Message.swift */ = {isa = PBXFileReference; lastKnownFileType = sourcecode.swift; path = Message.swift; sourceTree = "<group>"; };
		CAADC6A32BB6378B00621414 /* MessageManager.swift */ = {isa = PBXFileReference; lastKnownFileType = sourcecode.swift; path = MessageManager.swift; sourceTree = "<group>"; };
		CAADC6A52BB637A200621414 /* ChatView.swift */ = {isa = PBXFileReference; lastKnownFileType = sourcecode.swift; path = ChatView.swift; sourceTree = "<group>"; };
		CAFD43D52BB62FB200D0B49B /* firechat.app */ = {isa = PBXFileReference; explicitFileType = wrapper.application; includeInIndex = 0; path = firechat.app; sourceTree = BUILT_PRODUCTS_DIR; };
		CAFD43D82BB62FB200D0B49B /* FireChatApp.swift */ = {isa = PBXFileReference; lastKnownFileType = sourcecode.swift; path = FireChatApp.swift; sourceTree = "<group>"; };
		CAFD43DC2BB62FB300D0B49B /* Assets.xcassets */ = {isa = PBXFileReference; lastKnownFileType = folder.assetcatalog; path = Assets.xcassets; sourceTree = "<group>"; };
		CAFD43DE2BB62FB300D0B49B /* firechat.entitlements */ = {isa = PBXFileReference; lastKnownFileType = text.plist.entitlements; path = firechat.entitlements; sourceTree = "<group>"; };
		CAFD43E02BB62FB300D0B49B /* Preview Assets.xcassets */ = {isa = PBXFileReference; lastKnownFileType = folder.assetcatalog; path = "Preview Assets.xcassets"; sourceTree = "<group>"; };
		CAFD43E62BB62FB300D0B49B /* firechatTests.xctest */ = {isa = PBXFileReference; explicitFileType = wrapper.cfbundle; includeInIndex = 0; path = firechatTests.xctest; sourceTree = BUILT_PRODUCTS_DIR; };
		CAFD43EA2BB62FB300D0B49B /* firechatTests.swift */ = {isa = PBXFileReference; lastKnownFileType = sourcecode.swift; path = firechatTests.swift; sourceTree = "<group>"; };
		CAFD43F02BB62FB300D0B49B /* firechatUITests.xctest */ = {isa = PBXFileReference; explicitFileType = wrapper.cfbundle; includeInIndex = 0; path = firechatUITests.xctest; sourceTree = BUILT_PRODUCTS_DIR; };
		CAFD43F42BB62FB300D0B49B /* firechatUITests.swift */ = {isa = PBXFileReference; lastKnownFileType = sourcecode.swift; path = firechatUITests.swift; sourceTree = "<group>"; };
		CAFD43F62BB62FB300D0B49B /* firechatUITestsLaunchTests.swift */ = {isa = PBXFileReference; lastKnownFileType = sourcecode.swift; path = firechatUITestsLaunchTests.swift; sourceTree = "<group>"; };
		CAFD44032BB630BA00D0B49B /* GoogleService-Info.plist */ = {isa = PBXFileReference; fileEncoding = 4; lastKnownFileType = text.plist.xml; name = "GoogleService-Info.plist"; path = "../../../../Downloads/GoogleService-Info.plist"; sourceTree = "<group>"; };
/* End PBXFileReference section */

/* Begin PBXFrameworksBuildPhase section */
		CAFD43D22BB62FB200D0B49B /* Frameworks */ = {
			isa = PBXFrameworksBuildPhase;
			buildActionMask = 2147483647;
			files = (
				CAADC6982BB6324000621414 /* FirebaseAuth in Frameworks */,
				CAADC69A2BB6324000621414 /* FirebaseFirestore in Frameworks */,
				CAADC69C2BB6324000621414 /* FirebaseFirestoreSwift in Frameworks */,
			);
			runOnlyForDeploymentPostprocessing = 0;
		};
		CAFD43E32BB62FB300D0B49B /* Frameworks */ = {
			isa = PBXFrameworksBuildPhase;
			buildActionMask = 2147483647;
			files = (
			);
			runOnlyForDeploymentPostprocessing = 0;
		};
		CAFD43ED2BB62FB300D0B49B /* Frameworks */ = {
			isa = PBXFrameworksBuildPhase;
			buildActionMask = 2147483647;
			files = (
			);
			runOnlyForDeploymentPostprocessing = 0;
		};
/* End PBXFrameworksBuildPhase section */

/* Begin PBXGroup section */
		CAFD43CC2BB62FB200D0B49B = {
			isa = PBXGroup;
			children = (
				CAFD43D72BB62FB200D0B49B /* firechat */,
				CAFD43E92BB62FB300D0B49B /* firechatTests */,
				CAFD43F32BB62FB300D0B49B /* firechatUITests */,
				CAFD43D62BB62FB200D0B49B /* Products */,
			);
			sourceTree = "<group>";
		};
		CAFD43D62BB62FB200D0B49B /* Products */ = {
			isa = PBXGroup;
			children = (
				CAFD43D52BB62FB200D0B49B /* firechat.app */,
				CAFD43E62BB62FB300D0B49B /* firechatTests.xctest */,
				CAFD43F02BB62FB300D0B49B /* firechatUITests.xctest */,
			);
			name = Products;
			sourceTree = "<group>";
		};
		CAFD43D72BB62FB200D0B49B /* firechat */ = {
			isa = PBXGroup;
			children = (
				CAFD43D82BB62FB200D0B49B /* FireChatApp.swift */,
				CAFD43DC2BB62FB300D0B49B /* Assets.xcassets */,
				CAFD43DE2BB62FB300D0B49B /* firechat.entitlements */,
				CAFD44032BB630BA00D0B49B /* GoogleService-Info.plist */,
				CAFD43DF2BB62FB300D0B49B /* Preview Content */,
				CAADC69D2BB6332D00621414 /* LoginView.swift */,
				CAADC69F2BB633A400621414 /* AuthManager.swift */,
				CAADC6A12BB6373B00621414 /* Message.swift */,
				CAADC6A32BB6378B00621414 /* MessageManager.swift */,
				CAADC6A52BB637A200621414 /* ChatView.swift */,
			);
			path = firechat;
			sourceTree = "<group>";
		};
		CAFD43DF2BB62FB300D0B49B /* Preview Content */ = {
			isa = PBXGroup;
			children = (
				CAFD43E02BB62FB300D0B49B /* Preview Assets.xcassets */,
			);
			path = "Preview Content";
			sourceTree = "<group>";
		};
		CAFD43E92BB62FB300D0B49B /* firechatTests */ = {
			isa = PBXGroup;
			children = (
				CAFD43EA2BB62FB300D0B49B /* firechatTests.swift */,
			);
			path = firechatTests;
			sourceTree = "<group>";
		};
		CAFD43F32BB62FB300D0B49B /* firechatUITests */ = {
			isa = PBXGroup;
			children = (
				CAFD43F42BB62FB300D0B49B /* firechatUITests.swift */,
				CAFD43F62BB62FB300D0B49B /* firechatUITestsLaunchTests.swift */,
			);
			path = firechatUITests;
			sourceTree = "<group>";
		};
/* End PBXGroup section */

/* Begin PBXNativeTarget section */
		CAFD43D42BB62FB200D0B49B /* firechat */ = {
			isa = PBXNativeTarget;
			buildConfigurationList = CAFD43FA2BB62FB300D0B49B /* Build configuration list for PBXNativeTarget "firechat" */;
			buildPhases = (
				CAFD43D12BB62FB200D0B49B /* Sources */,
				CAFD43D22BB62FB200D0B49B /* Frameworks */,
				CAFD43D32BB62FB200D0B49B /* Resources */,
			);
			buildRules = (
			);
			dependencies = (
			);
			name = firechat;
			packageProductDependencies = (
				CAADC6972BB6324000621414 /* FirebaseAuth */,
				CAADC6992BB6324000621414 /* FirebaseFirestore */,
				CAADC69B2BB6324000621414 /* FirebaseFirestoreSwift */,
			);
			productName = firechat;
			productReference = CAFD43D52BB62FB200D0B49B /* firechat.app */;
			productType = "com.apple.product-type.application";
		};
		CAFD43E52BB62FB300D0B49B /* firechatTests */ = {
			isa = PBXNativeTarget;
			buildConfigurationList = CAFD43FD2BB62FB300D0B49B /* Build configuration list for PBXNativeTarget "firechatTests" */;
			buildPhases = (
				CAFD43E22BB62FB300D0B49B /* Sources */,
				CAFD43E32BB62FB300D0B49B /* Frameworks */,
				CAFD43E42BB62FB300D0B49B /* Resources */,
			);
			buildRules = (
			);
			dependencies = (
				CAFD43E82BB62FB300D0B49B /* PBXTargetDependency */,
			);
			name = firechatTests;
			productName = firechatTests;
			productReference = CAFD43E62BB62FB300D0B49B /* firechatTests.xctest */;
			productType = "com.apple.product-type.bundle.unit-test";
		};
		CAFD43EF2BB62FB300D0B49B /* firechatUITests */ = {
			isa = PBXNativeTarget;
			buildConfigurationList = CAFD44002BB62FB300D0B49B /* Build configuration list for PBXNativeTarget "firechatUITests" */;
			buildPhases = (
				CAFD43EC2BB62FB300D0B49B /* Sources */,
				CAFD43ED2BB62FB300D0B49B /* Frameworks */,
				CAFD43EE2BB62FB300D0B49B /* Resources */,
			);
			buildRules = (
			);
			dependencies = (
				CAFD43F22BB62FB300D0B49B /* PBXTargetDependency */,
			);
			name = firechatUITests;
			productName = firechatUITests;
			productReference = CAFD43F02BB62FB300D0B49B /* firechatUITests.xctest */;
			productType = "com.apple.product-type.bundle.ui-testing";
		};
/* End PBXNativeTarget section */

/* Begin PBXProject section */
		CAFD43CD2BB62FB200D0B49B /* Project object */ = {
			isa = PBXProject;
			attributes = {
				BuildIndependentTargetsInParallel = 1;
				LastSwiftUpdateCheck = 1500;
				LastUpgradeCheck = 1500;
				TargetAttributes = {
					CAFD43D42BB62FB200D0B49B = {
						CreatedOnToolsVersion = 15.0;
					};
					CAFD43E52BB62FB300D0B49B = {
						CreatedOnToolsVersion = 15.0;
						TestTargetID = CAFD43D42BB62FB200D0B49B;
					};
					CAFD43EF2BB62FB300D0B49B = {
						CreatedOnToolsVersion = 15.0;
						TestTargetID = CAFD43D42BB62FB200D0B49B;
					};
				};
			};
			buildConfigurationList = CAFD43D02BB62FB200D0B49B /* Build configuration list for PBXProject "firechat" */;
			compatibilityVersion = "Xcode 14.0";
			developmentRegion = en;
			hasScannedForEncodings = 0;
			knownRegions = (
				en,
				Base,
			);
			mainGroup = CAFD43CC2BB62FB200D0B49B;
			packageReferences = (
				CAFD44052BB6313800D0B49B /* XCRemoteSwiftPackageReference "firebase-ios-sdk" */,
			);
			productRefGroup = CAFD43D62BB62FB200D0B49B /* Products */;
			projectDirPath = "";
			projectRoot = "";
			targets = (
				CAFD43D42BB62FB200D0B49B /* firechat */,
				CAFD43E52BB62FB300D0B49B /* firechatTests */,
				CAFD43EF2BB62FB300D0B49B /* firechatUITests */,
			);
		};
/* End PBXProject section */

/* Begin PBXResourcesBuildPhase section */
		CAFD43D32BB62FB200D0B49B /* Resources */ = {
			isa = PBXResourcesBuildPhase;
			buildActionMask = 2147483647;
			files = (
				CAFD43E12BB62FB300D0B49B /* Preview Assets.xcassets in Resources */,
				CAFD43DD2BB62FB300D0B49B /* Assets.xcassets in Resources */,
				CAFD44042BB630BA00D0B49B /* GoogleService-Info.plist in Resources */,
			);
			runOnlyForDeploymentPostprocessing = 0;
		};
		CAFD43E42BB62FB300D0B49B /* Resources */ = {
			isa = PBXResourcesBuildPhase;
			buildActionMask = 2147483647;
			files = (
			);
			runOnlyForDeploymentPostprocessing = 0;
		};
		CAFD43EE2BB62FB300D0B49B /* Resources */ = {
			isa = PBXResourcesBuildPhase;
			buildActionMask = 2147483647;
			files = (
			);
			runOnlyForDeploymentPostprocessing = 0;
		};
/* End PBXResourcesBuildPhase section */

/* Begin PBXSourcesBuildPhase section */
		CAFD43D12BB62FB200D0B49B /* Sources */ = {
			isa = PBXSourcesBuildPhase;
			buildActionMask = 2147483647;
			files = (
				CAADC69E2BB6332D00621414 /* LoginView.swift in Sources */,
				CAADC6A22BB6373C00621414 /* Message.swift in Sources */,
				CAADC6A42BB6378B00621414 /* MessageManager.swift in Sources */,
				CAADC6A02BB633A400621414 /* AuthManager.swift in Sources */,
				CAADC6A62BB637A200621414 /* ChatView.swift in Sources */,
				CAFD43D92BB62FB200D0B49B /* FireChatApp.swift in Sources */,
			);
			runOnlyForDeploymentPostprocessing = 0;
		};
		CAFD43E22BB62FB300D0B49B /* Sources */ = {
			isa = PBXSourcesBuildPhase;
			buildActionMask = 2147483647;
			files = (
				CAFD43EB2BB62FB300D0B49B /* firechatTests.swift in Sources */,
			);
			runOnlyForDeploymentPostprocessing = 0;
		};
		CAFD43EC2BB62FB300D0B49B /* Sources */ = {
			isa = PBXSourcesBuildPhase;
			buildActionMask = 2147483647;
			files = (
				CAFD43F72BB62FB300D0B49B /* firechatUITestsLaunchTests.swift in Sources */,
				CAFD43F52BB62FB300D0B49B /* firechatUITests.swift in Sources */,
			);
			runOnlyForDeploymentPostprocessing = 0;
		};
/* End PBXSourcesBuildPhase section */

/* Begin PBXTargetDependency section */
		CAFD43E82BB62FB300D0B49B /* PBXTargetDependency */ = {
			isa = PBXTargetDependency;
			target = CAFD43D42BB62FB200D0B49B /* firechat */;
			targetProxy = CAFD43E72BB62FB300D0B49B /* PBXContainerItemProxy */;
		};
		CAFD43F22BB62FB300D0B49B /* PBXTargetDependency */ = {
			isa = PBXTargetDependency;
			target = CAFD43D42BB62FB200D0B49B /* firechat */;
			targetProxy = CAFD43F12BB62FB300D0B49B /* PBXContainerItemProxy */;
		};
/* End PBXTargetDependency section */

/* Begin XCBuildConfiguration section */
		CAFD43F82BB62FB300D0B49B /* Debug */ = {
			isa = XCBuildConfiguration;
			buildSettings = {
				ALWAYS_SEARCH_USER_PATHS = NO;
				ASSETCATALOG_COMPILER_GENERATE_SWIFT_ASSET_SYMBOL_EXTENSIONS = YES;
				CLANG_ANALYZER_NONNULL = YES;
				CLANG_ANALYZER_NUMBER_OBJECT_CONVERSION = YES_AGGRESSIVE;
				CLANG_CXX_LANGUAGE_STANDARD = "gnu++20";
				CLANG_ENABLE_MODULES = YES;
				CLANG_ENABLE_OBJC_ARC = YES;
				CLANG_ENABLE_OBJC_WEAK = YES;
				CLANG_WARN_BLOCK_CAPTURE_AUTORELEASING = YES;
				CLANG_WARN_BOOL_CONVERSION = YES;
				CLANG_WARN_COMMA = YES;
				CLANG_WARN_CONSTANT_CONVERSION = YES;
				CLANG_WARN_DEPRECATED_OBJC_IMPLEMENTATIONS = YES;
				CLANG_WARN_DIRECT_OBJC_ISA_USAGE = YES_ERROR;
				CLANG_WARN_DOCUMENTATION_COMMENTS = YES;
				CLANG_WARN_EMPTY_BODY = YES;
				CLANG_WARN_ENUM_CONVERSION = YES;
				CLANG_WARN_INFINITE_RECURSION = YES;
				CLANG_WARN_INT_CONVERSION = YES;
				CLANG_WARN_NON_LITERAL_NULL_CONVERSION = YES;
				CLANG_WARN_OBJC_IMPLICIT_RETAIN_SELF = YES;
				CLANG_WARN_OBJC_LITERAL_CONVERSION = YES;
				CLANG_WARN_OBJC_ROOT_CLASS = YES_ERROR;
				CLANG_WARN_QUOTED_INCLUDE_IN_FRAMEWORK_HEADER = YES;
				CLANG_WARN_RANGE_LOOP_ANALYSIS = YES;
				CLANG_WARN_STRICT_PROTOTYPES = YES;
				CLANG_WARN_SUSPICIOUS_MOVE = YES;
				CLANG_WARN_UNGUARDED_AVAILABILITY = YES_AGGRESSIVE;
				CLANG_WARN_UNREACHABLE_CODE = YES;
				CLANG_WARN__DUPLICATE_METHOD_MATCH = YES;
				COPY_PHASE_STRIP = NO;
				DEBUG_INFORMATION_FORMAT = dwarf;
				ENABLE_STRICT_OBJC_MSGSEND = YES;
				ENABLE_TESTABILITY = YES;
				ENABLE_USER_SCRIPT_SANDBOXING = YES;
				GCC_C_LANGUAGE_STANDARD = gnu17;
				GCC_DYNAMIC_NO_PIC = NO;
				GCC_NO_COMMON_BLOCKS = YES;
				GCC_OPTIMIZATION_LEVEL = 0;
				GCC_PREPROCESSOR_DEFINITIONS = (
					"DEBUG=1",
					"$(inherited)",
				);
				GCC_WARN_64_TO_32_BIT_CONVERSION = YES;
				GCC_WARN_ABOUT_RETURN_TYPE = YES_ERROR;
				GCC_WARN_UNDECLARED_SELECTOR = YES;
				GCC_WARN_UNINITIALIZED_AUTOS = YES_AGGRESSIVE;
				GCC_WARN_UNUSED_FUNCTION = YES;
				GCC_WARN_UNUSED_VARIABLE = YES;
				LOCALIZATION_PREFERS_STRING_CATALOGS = YES;
				MTL_ENABLE_DEBUG_INFO = INCLUDE_SOURCE;
				MTL_FAST_MATH = YES;
				ONLY_ACTIVE_ARCH = YES;
				SWIFT_ACTIVE_COMPILATION_CONDITIONS = "DEBUG $(inherited)";
				SWIFT_OPTIMIZATION_LEVEL = "-Onone";
			};
			name = Debug;
		};
		CAFD43F92BB62FB300D0B49B /* Release */ = {
			isa = XCBuildConfiguration;
			buildSettings = {
				ALWAYS_SEARCH_USER_PATHS = NO;
				ASSETCATALOG_COMPILER_GENERATE_SWIFT_ASSET_SYMBOL_EXTENSIONS = YES;
				CLANG_ANALYZER_NONNULL = YES;
				CLANG_ANALYZER_NUMBER_OBJECT_CONVERSION = YES_AGGRESSIVE;
				CLANG_CXX_LANGUAGE_STANDARD = "gnu++20";
				CLANG_ENABLE_MODULES = YES;
				CLANG_ENABLE_OBJC_ARC = YES;
				CLANG_ENABLE_OBJC_WEAK = YES;
				CLANG_WARN_BLOCK_CAPTURE_AUTORELEASING = YES;
				CLANG_WARN_BOOL_CONVERSION = YES;
				CLANG_WARN_COMMA = YES;
				CLANG_WARN_CONSTANT_CONVERSION = YES;
				CLANG_WARN_DEPRECATED_OBJC_IMPLEMENTATIONS = YES;
				CLANG_WARN_DIRECT_OBJC_ISA_USAGE = YES_ERROR;
				CLANG_WARN_DOCUMENTATION_COMMENTS = YES;
				CLANG_WARN_EMPTY_BODY = YES;
				CLANG_WARN_ENUM_CONVERSION = YES;
				CLANG_WARN_INFINITE_RECURSION = YES;
				CLANG_WARN_INT_CONVERSION = YES;
				CLANG_WARN_NON_LITERAL_NULL_CONVERSION = YES;
				CLANG_WARN_OBJC_IMPLICIT_RETAIN_SELF = YES;
				CLANG_WARN_OBJC_LITERAL_CONVERSION = YES;
				CLANG_WARN_OBJC_ROOT_CLASS = YES_ERROR;
				CLANG_WARN_QUOTED_INCLUDE_IN_FRAMEWORK_HEADER = YES;
				CLANG_WARN_RANGE_LOOP_ANALYSIS = YES;
				CLANG_WARN_STRICT_PROTOTYPES = YES;
				CLANG_WARN_SUSPICIOUS_MOVE = YES;
				CLANG_WARN_UNGUARDED_AVAILABILITY = YES_AGGRESSIVE;
				CLANG_WARN_UNREACHABLE_CODE = YES;
				CLANG_WARN__DUPLICATE_METHOD_MATCH = YES;
				COPY_PHASE_STRIP = NO;
				DEBUG_INFORMATION_FORMAT = "dwarf-with-dsym";
				ENABLE_NS_ASSERTIONS = NO;
				ENABLE_STRICT_OBJC_MSGSEND = YES;
				ENABLE_USER_SCRIPT_SANDBOXING = YES;
				GCC_C_LANGUAGE_STANDARD = gnu17;
				GCC_NO_COMMON_BLOCKS = YES;
				GCC_WARN_64_TO_32_BIT_CONVERSION = YES;
				GCC_WARN_ABOUT_RETURN_TYPE = YES_ERROR;
				GCC_WARN_UNDECLARED_SELECTOR = YES;
				GCC_WARN_UNINITIALIZED_AUTOS = YES_AGGRESSIVE;
				GCC_WARN_UNUSED_FUNCTION = YES;
				GCC_WARN_UNUSED_VARIABLE = YES;
				LOCALIZATION_PREFERS_STRING_CATALOGS = YES;
				MTL_ENABLE_DEBUG_INFO = NO;
				MTL_FAST_MATH = YES;
				SWIFT_COMPILATION_MODE = wholemodule;
			};
			name = Release;
		};
		CAFD43FB2BB62FB300D0B49B /* Debug */ = {
			isa = XCBuildConfiguration;
			buildSettings = {
				ASSETCATALOG_COMPILER_APPICON_NAME = AppIcon;
				ASSETCATALOG_COMPILER_GLOBAL_ACCENT_COLOR_NAME = AccentColor;
				CODE_SIGN_ENTITLEMENTS = firechat/firechat.entitlements;
				CODE_SIGN_STYLE = Automatic;
				CURRENT_PROJECT_VERSION = 1;
				DEVELOPMENT_ASSET_PATHS = "\"firechat/Preview Content\"";
				DEVELOPMENT_TEAM = 9G877H3ZU2;
				ENABLE_HARDENED_RUNTIME = YES;
				ENABLE_PREVIEWS = YES;
				GENERATE_INFOPLIST_FILE = YES;
				"INFOPLIST_KEY_UIApplicationSceneManifest_Generation[sdk=iphoneos*]" = YES;
				"INFOPLIST_KEY_UIApplicationSceneManifest_Generation[sdk=iphonesimulator*]" = YES;
				"INFOPLIST_KEY_UIApplicationSupportsIndirectInputEvents[sdk=iphoneos*]" = YES;
				"INFOPLIST_KEY_UIApplicationSupportsIndirectInputEvents[sdk=iphonesimulator*]" = YES;
				"INFOPLIST_KEY_UILaunchScreen_Generation[sdk=iphoneos*]" = YES;
				"INFOPLIST_KEY_UILaunchScreen_Generation[sdk=iphonesimulator*]" = YES;
				"INFOPLIST_KEY_UIStatusBarStyle[sdk=iphoneos*]" = UIStatusBarStyleDefault;
				"INFOPLIST_KEY_UIStatusBarStyle[sdk=iphonesimulator*]" = UIStatusBarStyleDefault;
				INFOPLIST_KEY_UISupportedInterfaceOrientations_iPad = "UIInterfaceOrientationPortrait UIInterfaceOrientationPortraitUpsideDown UIInterfaceOrientationLandscapeLeft UIInterfaceOrientationLandscapeRight";
				INFOPLIST_KEY_UISupportedInterfaceOrientations_iPhone = "UIInterfaceOrientationPortrait UIInterfaceOrientationLandscapeLeft UIInterfaceOrientationLandscapeRight";
				IPHONEOS_DEPLOYMENT_TARGET = 17.0;
				LD_RUNPATH_SEARCH_PATHS = "@executable_path/Frameworks";
				"LD_RUNPATH_SEARCH_PATHS[sdk=macosx*]" = "@executable_path/../Frameworks";
				MACOSX_DEPLOYMENT_TARGET = 14.0;
				MARKETING_VERSION = 1.0;
				PRODUCT_BUNDLE_IDENTIFIER = com.paigethompson.firechat;
				PRODUCT_NAME = "$(TARGET_NAME)";
				SDKROOT = auto;
				SUPPORTED_PLATFORMS = "iphoneos iphonesimulator macosx";
				SWIFT_EMIT_LOC_STRINGS = YES;
				SWIFT_VERSION = 5.0;
				TARGETED_DEVICE_FAMILY = "1,2";
			};
			name = Debug;
		};
		CAFD43FC2BB62FB300D0B49B /* Release */ = {
			isa = XCBuildConfiguration;
			buildSettings = {
				ASSETCATALOG_COMPILER_APPICON_NAME = AppIcon;
				ASSETCATALOG_COMPILER_GLOBAL_ACCENT_COLOR_NAME = AccentColor;
				CODE_SIGN_ENTITLEMENTS = firechat/firechat.entitlements;
				CODE_SIGN_STYLE = Automatic;
				CURRENT_PROJECT_VERSION = 1;
				DEVELOPMENT_ASSET_PATHS = "\"firechat/Preview Content\"";
				DEVELOPMENT_TEAM = 9G877H3ZU2;
				ENABLE_HARDENED_RUNTIME = YES;
				ENABLE_PREVIEWS = YES;
				GENERATE_INFOPLIST_FILE = YES;
				"INFOPLIST_KEY_UIApplicationSceneManifest_Generation[sdk=iphoneos*]" = YES;
				"INFOPLIST_KEY_UIApplicationSceneManifest_Generation[sdk=iphonesimulator*]" = YES;
				"INFOPLIST_KEY_UIApplicationSupportsIndirectInputEvents[sdk=iphoneos*]" = YES;
				"INFOPLIST_KEY_UIApplicationSupportsIndirectInputEvents[sdk=iphonesimulator*]" = YES;
				"INFOPLIST_KEY_UILaunchScreen_Generation[sdk=iphoneos*]" = YES;
				"INFOPLIST_KEY_UILaunchScreen_Generation[sdk=iphonesimulator*]" = YES;
				"INFOPLIST_KEY_UIStatusBarStyle[sdk=iphoneos*]" = UIStatusBarStyleDefault;
				"INFOPLIST_KEY_UIStatusBarStyle[sdk=iphonesimulator*]" = UIStatusBarStyleDefault;
				INFOPLIST_KEY_UISupportedInterfaceOrientations_iPad = "UIInterfaceOrientationPortrait UIInterfaceOrientationPortraitUpsideDown UIInterfaceOrientationLandscapeLeft UIInterfaceOrientationLandscapeRight";
				INFOPLIST_KEY_UISupportedInterfaceOrientations_iPhone = "UIInterfaceOrientationPortrait UIInterfaceOrientationLandscapeLeft UIInterfaceOrientationLandscapeRight";
				IPHONEOS_DEPLOYMENT_TARGET = 17.0;
				LD_RUNPATH_SEARCH_PATHS = "@executable_path/Frameworks";
				"LD_RUNPATH_SEARCH_PATHS[sdk=macosx*]" = "@executable_path/../Frameworks";
				MACOSX_DEPLOYMENT_TARGET = 14.0;
				MARKETING_VERSION = 1.0;
				PRODUCT_BUNDLE_IDENTIFIER = com.paigethompson.firechat;
				PRODUCT_NAME = "$(TARGET_NAME)";
				SDKROOT = auto;
				SUPPORTED_PLATFORMS = "iphoneos iphonesimulator macosx";
				SWIFT_EMIT_LOC_STRINGS = YES;
				SWIFT_VERSION = 5.0;
				TARGETED_DEVICE_FAMILY = "1,2";
			};
			name = Release;
		};
		CAFD43FE2BB62FB300D0B49B /* Debug */ = {
			isa = XCBuildConfiguration;
			buildSettings = {
				ALWAYS_EMBED_SWIFT_STANDARD_LIBRARIES = YES;
				BUNDLE_LOADER = "$(TEST_HOST)";
				CODE_SIGN_STYLE = Automatic;
				CURRENT_PROJECT_VERSION = 1;
				DEVELOPMENT_TEAM = 9G877H3ZU2;
				GENERATE_INFOPLIST_FILE = YES;
				IPHONEOS_DEPLOYMENT_TARGET = 17.0;
				MACOSX_DEPLOYMENT_TARGET = 14.0;
				MARKETING_VERSION = 1.0;
				PRODUCT_BUNDLE_IDENTIFIER = com.paigethompson.firechatTests;
				PRODUCT_NAME = "$(TARGET_NAME)";
				SDKROOT = auto;
				SUPPORTED_PLATFORMS = "iphoneos iphonesimulator macosx";
				SWIFT_EMIT_LOC_STRINGS = NO;
				SWIFT_VERSION = 5.0;
				TARGETED_DEVICE_FAMILY = "1,2";
				TEST_HOST = "$(BUILT_PRODUCTS_DIR)/firechat.app/$(BUNDLE_EXECUTABLE_FOLDER_PATH)/firechat";
			};
			name = Debug;
		};
		CAFD43FF2BB62FB300D0B49B /* Release */ = {
			isa = XCBuildConfiguration;
			buildSettings = {
				ALWAYS_EMBED_SWIFT_STANDARD_LIBRARIES = YES;
				BUNDLE_LOADER = "$(TEST_HOST)";
				CODE_SIGN_STYLE = Automatic;
				CURRENT_PROJECT_VERSION = 1;
				DEVELOPMENT_TEAM = 9G877H3ZU2;
				GENERATE_INFOPLIST_FILE = YES;
				IPHONEOS_DEPLOYMENT_TARGET = 17.0;
				MACOSX_DEPLOYMENT_TARGET = 14.0;
				MARKETING_VERSION = 1.0;
				PRODUCT_BUNDLE_IDENTIFIER = com.paigethompson.firechatTests;
				PRODUCT_NAME = "$(TARGET_NAME)";
				SDKROOT = auto;
				SUPPORTED_PLATFORMS = "iphoneos iphonesimulator macosx";
				SWIFT_EMIT_LOC_STRINGS = NO;
				SWIFT_VERSION = 5.0;
				TARGETED_DEVICE_FAMILY = "1,2";
				TEST_HOST = "$(BUILT_PRODUCTS_DIR)/firechat.app/$(BUNDLE_EXECUTABLE_FOLDER_PATH)/firechat";
			};
			name = Release;
		};
		CAFD44012BB62FB300D0B49B /* Debug */ = {
			isa = XCBuildConfiguration;
			buildSettings = {
				ALWAYS_EMBED_SWIFT_STANDARD_LIBRARIES = YES;
				CODE_SIGN_STYLE = Automatic;
				CURRENT_PROJECT_VERSION = 1;
				DEVELOPMENT_TEAM = 9G877H3ZU2;
				GENERATE_INFOPLIST_FILE = YES;
				IPHONEOS_DEPLOYMENT_TARGET = 17.0;
				MACOSX_DEPLOYMENT_TARGET = 14.0;
				MARKETING_VERSION = 1.0;
				PRODUCT_BUNDLE_IDENTIFIER = com.paigethompson.firechatUITests;
				PRODUCT_NAME = "$(TARGET_NAME)";
				SDKROOT = auto;
				SUPPORTED_PLATFORMS = "iphoneos iphonesimulator macosx";
				SWIFT_EMIT_LOC_STRINGS = NO;
				SWIFT_VERSION = 5.0;
				TARGETED_DEVICE_FAMILY = "1,2";
				TEST_TARGET_NAME = firechat;
			};
			name = Debug;
		};
		CAFD44022BB62FB300D0B49B /* Release */ = {
			isa = XCBuildConfiguration;
			buildSettings = {
				ALWAYS_EMBED_SWIFT_STANDARD_LIBRARIES = YES;
				CODE_SIGN_STYLE = Automatic;
				CURRENT_PROJECT_VERSION = 1;
				DEVELOPMENT_TEAM = 9G877H3ZU2;
				GENERATE_INFOPLIST_FILE = YES;
				IPHONEOS_DEPLOYMENT_TARGET = 17.0;
				MACOSX_DEPLOYMENT_TARGET = 14.0;
				MARKETING_VERSION = 1.0;
				PRODUCT_BUNDLE_IDENTIFIER = com.paigethompson.firechatUITests;
				PRODUCT_NAME = "$(TARGET_NAME)";
				SDKROOT = auto;
				SUPPORTED_PLATFORMS = "iphoneos iphonesimulator macosx";
				SWIFT_EMIT_LOC_STRINGS = NO;
				SWIFT_VERSION = 5.0;
				TARGETED_DEVICE_FAMILY = "1,2";
				TEST_TARGET_NAME = firechat;
			};
			name = Release;
		};
/* End XCBuildConfiguration section */

/* Begin XCConfigurationList section */
		CAFD43D02BB62FB200D0B49B /* Build configuration list for PBXProject "firechat" */ = {
			isa = XCConfigurationList;
			buildConfigurations = (
				CAFD43F82BB62FB300D0B49B /* Debug */,
				CAFD43F92BB62FB300D0B49B /* Release */,
			);
			defaultConfigurationIsVisible = 0;
			defaultConfigurationName = Release;
		};
		CAFD43FA2BB62FB300D0B49B /* Build configuration list for PBXNativeTarget "firechat" */ = {
			isa = XCConfigurationList;
			buildConfigurations = (
				CAFD43FB2BB62FB300D0B49B /* Debug */,
				CAFD43FC2BB62FB300D0B49B /* Release */,
			);
			defaultConfigurationIsVisible = 0;
			defaultConfigurationName = Release;
		};
		CAFD43FD2BB62FB300D0B49B /* Build configuration list for PBXNativeTarget "firechatTests" */ = {
			isa = XCConfigurationList;
			buildConfigurations = (
				CAFD43FE2BB62FB300D0B49B /* Debug */,
				CAFD43FF2BB62FB300D0B49B /* Release */,
			);
			defaultConfigurationIsVisible = 0;
			defaultConfigurationName = Release;
		};
		CAFD44002BB62FB300D0B49B /* Build configuration list for PBXNativeTarget "firechatUITests" */ = {
			isa = XCConfigurationList;
			buildConfigurations = (
				CAFD44012BB62FB300D0B49B /* Debug */,
				CAFD44022BB62FB300D0B49B /* Release */,
			);
			defaultConfigurationIsVisible = 0;
			defaultConfigurationName = Release;
		};
/* End XCConfigurationList section */

/* Begin XCRemoteSwiftPackageReference section */
		CAFD44052BB6313800D0B49B /* XCRemoteSwiftPackageReference "firebase-ios-sdk" */ = {
			isa = XCRemoteSwiftPackageReference;
			repositoryURL = "https://github.com/firebase/firebase-ios-sdk";
			requirement = {
				kind = upToNextMajorVersion;
				minimumVersion = 10.23.1;
			};
		};
/* End XCRemoteSwiftPackageReference section */

/* Begin XCSwiftPackageProductDependency section */
		CAADC6972BB6324000621414 /* FirebaseAuth */ = {
			isa = XCSwiftPackageProductDependency;
			package = CAFD44052BB6313800D0B49B /* XCRemoteSwiftPackageReference "firebase-ios-sdk" */;
			productName = FirebaseAuth;
		};
		CAADC6992BB6324000621414 /* FirebaseFirestore */ = {
			isa = XCSwiftPackageProductDependency;
			package = CAFD44052BB6313800D0B49B /* XCRemoteSwiftPackageReference "firebase-ios-sdk" */;
			productName = FirebaseFirestore;
		};
		CAADC69B2BB6324000621414 /* FirebaseFirestoreSwift */ = {
			isa = XCSwiftPackageProductDependency;
			package = CAFD44052BB6313800D0B49B /* XCRemoteSwiftPackageReference "firebase-ios-sdk" */;
			productName = FirebaseFirestoreSwift;
		};
/* End XCSwiftPackageProductDependency section */
	};
	rootObject = CAFD43CD2BB62FB200D0B49B /* Project object */;
}
